
Microsoft Visual Studio Solution File, Format Version 12.00
# Visual Studio Version 16
VisualStudioVersion = 16.0.31702.278
MinimumVisualStudioVersion = 10.0.40219.1
Project("{FAE04EC0-301F-11D3-BF4B-00C04F79EFBC}") = "Lab_1_semestr_5", "Lab_1_semestr_5\Lab_1_semestr_5.csproj", "{378E4F5F-CE5B-42B1-837C-8CAF4D3A150B}"
EndProject
Global
	GlobalSection(SolutionConfigurationPlatforms) = preSolution
		Debug|Any CPU = Debug|Any CPU
		Release|Any CPU = Release|Any CPU
	EndGlobalSection
	GlobalSection(ProjectConfigurationPlatforms) = postSolution
		{378E4F5F-CE5B-42B1-837C-8CAF4D3A150B}.Debug|Any CPU.ActiveCfg = Debug|Any CPU
		{378E4F5F-CE5B-42B1-837C-8CAF4D3A150B}.Debug|Any CPU.Build.0 = Debug|Any CPU
		{378E4F5F-CE5B-42B1-837C-8CAF4D3A150B}.Release|Any CPU.ActiveCfg = Release|Any CPU
		{378E4F5F-CE5B-42B1-837C-8CAF4D3A150B}.Release|Any CPU.Build.0 = Release|Any CPU
	EndGlobalSection
	GlobalSection(SolutionProperties) = preSolution
		HideSolutionNode = FALSE
	EndGlobalSection
	GlobalSection(ExtensibilityGlobals) = postSolution
		SolutionGuid = {80B619AD-035A-4A5D-A26E-1B39E290FFDA}
	EndGlobalSection
EndGlobal
